<?xml version="1.0" encoding="utf-8"?>
<Project ToolsVersion="4.0" xmlns="http://schemas.microsoft.com/developer/msbuild/2003">
  <ItemGroup>
    <Filter Include="Source Files">
      <UniqueIdentifier>{4FC737F1-C7A5-4376-A066-2A32D752A2FF}</UniqueIdentifier>
      <Extensions>cpp;c;cc;cxx;c++;cppm;ixx;def;odl;idl;hpj;bat;asm;asmx</Extensions>
    </Filter>
    <Filter Include="Header Files">
      <UniqueIdentifier>{93995380-89BD-4b04-88EB-625FBE52EBFB}</UniqueIdentifier>
      <Extensions>h;hh;hpp;hxx;h++;hm;inl;inc;ipp;xsd</Extensions>
    </Filter>
    <Filter Include="Resource Files">
      <UniqueIdentifier>{67DA6AB6-F800-4c08-8B7A-83BB121AAD01}</UniqueIdentifier>
      <Extensions>rc;ico;cur;bmp;dlg;rc2;rct;bin;rgs;gif;jpg;jpeg;jpe;resx;tiff;tif;png;wav;mfcribbon-ms</Extensions>
    </Filter>
    <Filter Include="Header Files\Networking">
      <UniqueIdentifier>{cff696ec-b2f4-4e04-a42f-f0761edea1be}</UniqueIdentifier>
    </Filter>
    <Filter Include="Source Files\Networking">
      <UniqueIdentifier>{bff651be-9e81-4dfc-9f60-ede6a1eba991}</UniqueIdentifier>
    </Filter>
    <Filter Include="Header Files\Core">
      <UniqueIdentifier>{25550910-f271-4785-9c36-1ed9e8ca19d8}</UniqueIdentifier>
    </Filter>
    <Filter Include="Header Files\GameState">
      <UniqueIdentifier>{72e5eeaf-7bf6-4da2-9abd-9579e4b6b1f0}</UniqueIdentifier>
    </Filter>
    <Filter Include="Header Files\Objects">
      <UniqueIdentifier>{753cb9e3-9b3b-406b-bf7c-1bd22148dacd}</UniqueIdentifier>
    </Filter>
    <Filter Include="Source Files\Core">
      <UniqueIdentifier>{95a950c4-918d-4fcc-b711-f5b84f4eb629}</UniqueIdentifier>
    </Filter>
    <Filter Include="Source Files\GameState">
      <UniqueIdentifier>{4671c100-ed0b-42f3-813b-1e6525d2d772}</UniqueIdentifier>
    </Filter>
    <Filter Include="Source Files\Objects">
      <UniqueIdentifier>{60e706f2-007e-4922-ac9a-1a83ad5bb7e7}</UniqueIdentifier>
    </Filter>
    <Filter Include="Resource Files\Shaders">
      <UniqueIdentifier>{27336741-f741-4d79-ae96-44485acae4dd}</UniqueIdentifier>
    </Filter>
  </ItemGroup>
  <ItemGroup>
    <ClCompile Include="Main.cpp">
      <Filter>Source Files</Filter>
    </ClCompile>
    <ClCompile Include="Client.cpp">
      <Filter>Source Files\Networking</Filter>
    </ClCompile>
    <ClCompile Include="Message.cpp">
      <Filter>Source Files\Networking</Filter>
    </ClCompile>
    <ClCompile Include="NetworkManager.cpp">
      <Filter>Source Files\Networking</Filter>
    </ClCompile>
    <ClCompile Include="Server.cpp">
      <Filter>Source Files\Networking</Filter>
    </ClCompile>
    <ClCompile Include="cCamera.cpp">
      <Filter>Source Files\Core</Filter>
    </ClCompile>
    <ClCompile Include="cObjImport.cpp">
      <Filter>Source Files\Core</Filter>
    </ClCompile>
    <ClCompile Include="core.cpp">
      <Filter>Source Files\Core</Filter>
    </ClCompile>
    <ClCompile Include="cShader.cpp">
      <Filter>Source Files\Core</Filter>
    </ClCompile>
    <ClCompile Include="cTransform.cpp">
      <Filter>Source Files\Core</Filter>
    </ClCompile>
    <ClCompile Include="textfile.cpp">
      <Filter>Source Files\Core</Filter>
    </ClCompile>
    <ClCompile Include="Game.cpp">
      <Filter>Source Files\GameState</Filter>
    </ClCompile>
    <ClCompile Include="GameState.cpp">
      <Filter>Source Files\GameState</Filter>
    </ClCompile>
    <ClCompile Include="Menu.cpp">
      <Filter>Source Files\GameState</Filter>
    </ClCompile>
    <ClCompile Include="Scence.cpp">
      <Filter>Source Files</Filter>
    </ClCompile>
    <ClCompile Include="cBall.cpp">
      <Filter>Source Files\Objects</Filter>
    </ClCompile>
    <ClCompile Include="cCounter.cpp">
      <Filter>Source Files\Objects</Filter>
    </ClCompile>
    <ClCompile Include="cMesh.cpp">
      <Filter>Source Files\Objects</Filter>
    </ClCompile>
    <ClCompile Include="cPlayer.cpp">
      <Filter>Source Files\Objects</Filter>
    </ClCompile>
    <ClCompile Include="OutputMemoryStream.cpp">
      <Filter>Source Files\Networking</Filter>
    </ClCompile>
    <ClCompile Include="InputMemoryStream.cpp">
      <Filter>Source Files\Networking</Filter>
    </ClCompile>
    <ClCompile Include="cText.cpp">
      <Filter>Source Files\Core</Filter>
    </ClCompile>
  </ItemGroup>
  <ItemGroup>
    <ClInclude Include="stdafx.h">
      <Filter>Header Files</Filter>
    </ClInclude>
    <ClInclude Include="Main.h">
      <Filter>Header Files</Filter>
    </ClInclude>
    <ClInclude Include="Client.h">
      <Filter>Header Files\Networking</Filter>
    </ClInclude>
    <ClInclude Include="Message.h">
      <Filter>Header Files\Networking</Filter>
    </ClInclude>
    <ClInclude Include="Server.h">
      <Filter>Header Files\Networking</Filter>
    </ClInclude>
    <ClInclude Include="NetworkManager.h">
      <Filter>Header Files\Networking</Filter>
    </ClInclude>
    <ClInclude Include="cCamera.h">
      <Filter>Header Files\Core</Filter>
    </ClInclude>
    <ClInclude Include="cObjImport.h">
      <Filter>Header Files\Core</Filter>
    </ClInclude>
    <ClInclude Include="core.h">
      <Filter>Header Files\Core</Filter>
    </ClInclude>
    <ClInclude Include="cShader.h">
      <Filter>Header Files\Core</Filter>
    </ClInclude>
    <ClInclude Include="cTransform.h">
      <Filter>Header Files\Core</Filter>
    </ClInclude>
    <ClInclude Include="textfile.h">
      <Filter>Header Files\Core</Filter>
    </ClInclude>
    <ClInclude Include="tga.h">
      <Filter>Header Files\Core</Filter>
    </ClInclude>
    <ClInclude Include="Game.h">
      <Filter>Header Files\GameState</Filter>
    </ClInclude>
    <ClInclude Include="GameState.h">
      <Filter>Header Files\GameState</Filter>
    </ClInclude>
    <ClInclude Include="Menu.h">
      <Filter>Header Files\GameState</Filter>
    </ClInclude>
    <ClInclude Include="cBall.h">
      <Filter>Header Files\Objects</Filter>
    </ClInclude>
    <ClInclude Include="cCounter.h">
      <Filter>Header Files\Objects</Filter>
    </ClInclude>
    <ClInclude Include="cMesh.h">
      <Filter>Header Files\Objects</Filter>
    </ClInclude>
    <ClInclude Include="cPlayer.h">
      <Filter>Header Files\Objects</Filter>
    </ClInclude>
    <ClInclude Include="Scence.h">
      <Filter>Header Files</Filter>
    </ClInclude>
    <ClInclude Include="OutputMemoryStream.h">
      <Filter>Header Files\Networking</Filter>
    </ClInclude>
    <ClInclude Include="InputMemoryStream.h">
      <Filter>Header Files\Networking</Filter>
    </ClInclude>
    <ClInclude Include="cText.h">
      <Filter>Header Files\Core</Filter>
    </ClInclude>
  </ItemGroup>
  <ItemGroup>
    <None Include="shaders\counter.frag">
      <Filter>Resource Files\Shaders</Filter>
    </None>
    <None Include="shaders\counter.vert">
      <Filter>Resource Files\Shaders</Filter>
    </None>
    <None Include="shaders\diffuse.frag">
      <Filter>Resource Files\Shaders</Filter>
    </None>
    <None Include="shaders\diffuse.vert">
      <Filter>Resource Files\Shaders</Filter>
    </None>
    <None Include="shaders\splash.frag">
      <Filter>Resource Files\Shaders</Filter>
    </None>
    <None Include="shaders\splash.vert">
      <Filter>Resource Files\Shaders</Filter>
    </None>
  </ItemGroup>
</Project>